
Microsoft Visual Studio Solution File, Format Version 12.00
# Visual Studio Version 17
VisualStudioVersion = 17.0.31903.59
MinimumVisualStudioVersion = 10.0.40219.1
Project("{FAE04EC0-301F-11D3-BF4B-00C04F79EFBC}") = "Shared", "..\SharedLibrary\src\Shared\Shared.csproj", "{5CBAD9C5-A960-456E-98FE-37EC26AFA2A5}"
EndProject
Project("{2150E333-8FDC-42A3-9474-1A3956D46DE8}") = "src", "src", "{827E0CD3-B72D-47B6-A68D-7590B98EB39B}"
EndProject
Project("{FAE04EC0-301F-11D3-BF4B-00C04F79EFBC}") = "Smdb.Core", "src\Smdb.Core\Smdb.Core.csproj", "{1C898C08-7E1A-411F-AECC-81AD013FD05E}"
EndProject
Project("{2150E333-8FDC-42A3-9474-1A3956D46DE8}") = "tests", "tests", "{0AB3BF05-4346-4AA6-1389-037BE0695223}"
EndProject
Project("{FAE04EC0-301F-11D3-BF4B-00C04F79EFBC}") = "Smdb.Core.Test", "tests\Smdb.Core.Test\Smdb.Core.Test.csproj", "{1F46A848-7EFD-494E-8F9D-6471F1FCE72C}"
EndProject
Project("{FAE04EC0-301F-11D3-BF4B-00C04F79EFBC}") = "Smdb.Api", "src\Smdb.Api\Smdb.Api.csproj", "{7EB69552-7429-4A71-ADB0-E392656A63B3}"
EndProject
Project("{FAE04EC0-301F-11D3-BF4B-00C04F79EFBC}") = "Smdb.Api.Test", "tests\Smdb.Api.Test\Smdb.Api.Test.csproj", "{A2B9273A-C73D-4819-87D7-46E04F531BD5}"
EndProject
Project("{FAE04EC0-301F-11D3-BF4B-00C04F79EFBC}") = "Smdb.Csr", "src\Smdb.Csr\Smdb.Csr.csproj", "{5603D726-3CB0-4B59-973E-5B8B069EC06F}"
EndProject
Project("{FAE04EC0-301F-11D3-BF4B-00C04F79EFBC}") = "Smdb.Csr.Test", "tests\Smdb.Csr.Test\Smdb.Csr.Test.csproj", "{C30044B6-D92F-40D6-9599-5BC44426E022}"
EndProject
Global
	GlobalSection(SolutionConfigurationPlatforms) = preSolution
		Debug|Any CPU = Debug|Any CPU
		Debug|x64 = Debug|x64
		Debug|x86 = Debug|x86
		Release|Any CPU = Release|Any CPU
		Release|x64 = Release|x64
		Release|x86 = Release|x86
	EndGlobalSection
	GlobalSection(ProjectConfigurationPlatforms) = postSolution
		{5CBAD9C5-A960-456E-98FE-37EC26AFA2A5}.Debug|Any CPU.ActiveCfg = Debug|Any CPU
		{5CBAD9C5-A960-456E-98FE-37EC26AFA2A5}.Debug|Any CPU.Build.0 = Debug|Any CPU
		{5CBAD9C5-A960-456E-98FE-37EC26AFA2A5}.Debug|x64.ActiveCfg = Debug|Any CPU
		{5CBAD9C5-A960-456E-98FE-37EC26AFA2A5}.Debug|x64.Build.0 = Debug|Any CPU
		{5CBAD9C5-A960-456E-98FE-37EC26AFA2A5}.Debug|x86.ActiveCfg = Debug|Any CPU
		{5CBAD9C5-A960-456E-98FE-37EC26AFA2A5}.Debug|x86.Build.0 = Debug|Any CPU
		{5CBAD9C5-A960-456E-98FE-37EC26AFA2A5}.Release|Any CPU.ActiveCfg = Release|Any CPU
		{5CBAD9C5-A960-456E-98FE-37EC26AFA2A5}.Release|Any CPU.Build.0 = Release|Any CPU
		{5CBAD9C5-A960-456E-98FE-37EC26AFA2A5}.Release|x64.ActiveCfg = Release|Any CPU
		{5CBAD9C5-A960-456E-98FE-37EC26AFA2A5}.Release|x64.Build.0 = Release|Any CPU
		{5CBAD9C5-A960-456E-98FE-37EC26AFA2A5}.Release|x86.ActiveCfg = Release|Any CPU
		{5CBAD9C5-A960-456E-98FE-37EC26AFA2A5}.Release|x86.Build.0 = Release|Any CPU
		{1C898C08-7E1A-411F-AECC-81AD013FD05E}.Debug|Any CPU.ActiveCfg = Debug|Any CPU
		{1C898C08-7E1A-411F-AECC-81AD013FD05E}.Debug|Any CPU.Build.0 = Debug|Any CPU
		{1C898C08-7E1A-411F-AECC-81AD013FD05E}.Debug|x64.ActiveCfg = Debug|Any CPU
		{1C898C08-7E1A-411F-AECC-81AD013FD05E}.Debug|x64.Build.0 = Debug|Any CPU
		{1C898C08-7E1A-411F-AECC-81AD013FD05E}.Debug|x86.ActiveCfg = Debug|Any CPU
		{1C898C08-7E1A-411F-AECC-81AD013FD05E}.Debug|x86.Build.0 = Debug|Any CPU
		{1C898C08-7E1A-411F-AECC-81AD013FD05E}.Release|Any CPU.ActiveCfg = Release|Any CPU
		{1C898C08-7E1A-411F-AECC-81AD013FD05E}.Release|Any CPU.Build.0 = Release|Any CPU
		{1C898C08-7E1A-411F-AECC-81AD013FD05E}.Release|x64.ActiveCfg = Release|Any CPU
		{1C898C08-7E1A-411F-AECC-81AD013FD05E}.Release|x64.Build.0 = Release|Any CPU
		{1C898C08-7E1A-411F-AECC-81AD013FD05E}.Release|x86.ActiveCfg = Release|Any CPU
		{1C898C08-7E1A-411F-AECC-81AD013FD05E}.Release|x86.Build.0 = Release|Any CPU
		{1F46A848-7EFD-494E-8F9D-6471F1FCE72C}.Debug|Any CPU.ActiveCfg = Debug|Any CPU
		{1F46A848-7EFD-494E-8F9D-6471F1FCE72C}.Debug|Any CPU.Build.0 = Debug|Any CPU
		{1F46A848-7EFD-494E-8F9D-6471F1FCE72C}.Debug|x64.ActiveCfg = Debug|Any CPU
		{1F46A848-7EFD-494E-8F9D-6471F1FCE72C}.Debug|x64.Build.0 = Debug|Any CPU
		{1F46A848-7EFD-494E-8F9D-6471F1FCE72C}.Debug|x86.ActiveCfg = Debug|Any CPU
		{1F46A848-7EFD-494E-8F9D-6471F1FCE72C}.Debug|x86.Build.0 = Debug|Any CPU
		{1F46A848-7EFD-494E-8F9D-6471F1FCE72C}.Release|Any CPU.ActiveCfg = Release|Any CPU
		{1F46A848-7EFD-494E-8F9D-6471F1FCE72C}.Release|Any CPU.Build.0 = Release|Any CPU
		{1F46A848-7EFD-494E-8F9D-6471F1FCE72C}.Release|x64.ActiveCfg = Release|Any CPU
		{1F46A848-7EFD-494E-8F9D-6471F1FCE72C}.Release|x64.Build.0 = Release|Any CPU
		{1F46A848-7EFD-494E-8F9D-6471F1FCE72C}.Release|x86.ActiveCfg = Release|Any CPU
		{1F46A848-7EFD-494E-8F9D-6471F1FCE72C}.Release|x86.Build.0 = Release|Any CPU
		{7EB69552-7429-4A71-ADB0-E392656A63B3}.Debug|Any CPU.ActiveCfg = Debug|Any CPU
		{7EB69552-7429-4A71-ADB0-E392656A63B3}.Debug|Any CPU.Build.0 = Debug|Any CPU
		{7EB69552-7429-4A71-ADB0-E392656A63B3}.Debug|x64.ActiveCfg = Debug|Any CPU
		{7EB69552-7429-4A71-ADB0-E392656A63B3}.Debug|x64.Build.0 = Debug|Any CPU
		{7EB69552-7429-4A71-ADB0-E392656A63B3}.Debug|x86.ActiveCfg = Debug|Any CPU
		{7EB69552-7429-4A71-ADB0-E392656A63B3}.Debug|x86.Build.0 = Debug|Any CPU
		{7EB69552-7429-4A71-ADB0-E392656A63B3}.Release|Any CPU.ActiveCfg = Release|Any CPU
		{7EB69552-7429-4A71-ADB0-E392656A63B3}.Release|Any CPU.Build.0 = Release|Any CPU
		{7EB69552-7429-4A71-ADB0-E392656A63B3}.Release|x64.ActiveCfg = Release|Any CPU
		{7EB69552-7429-4A71-ADB0-E392656A63B3}.Release|x64.Build.0 = Release|Any CPU
		{7EB69552-7429-4A71-ADB0-E392656A63B3}.Release|x86.ActiveCfg = Release|Any CPU
		{7EB69552-7429-4A71-ADB0-E392656A63B3}.Release|x86.Build.0 = Release|Any CPU
		{A2B9273A-C73D-4819-87D7-46E04F531BD5}.Debug|Any CPU.ActiveCfg = Debug|Any CPU
		{A2B9273A-C73D-4819-87D7-46E04F531BD5}.Debug|Any CPU.Build.0 = Debug|Any CPU
		{A2B9273A-C73D-4819-87D7-46E04F531BD5}.Debug|x64.ActiveCfg = Debug|Any CPU
		{A2B9273A-C73D-4819-87D7-46E04F531BD5}.Debug|x64.Build.0 = Debug|Any CPU
		{A2B9273A-C73D-4819-87D7-46E04F531BD5}.Debug|x86.ActiveCfg = Debug|Any CPU
		{A2B9273A-C73D-4819-87D7-46E04F531BD5}.Debug|x86.Build.0 = Debug|Any CPU
		{A2B9273A-C73D-4819-87D7-46E04F531BD5}.Release|Any CPU.ActiveCfg = Release|Any CPU
		{A2B9273A-C73D-4819-87D7-46E04F531BD5}.Release|Any CPU.Build.0 = Release|Any CPU
		{A2B9273A-C73D-4819-87D7-46E04F531BD5}.Release|x64.ActiveCfg = Release|Any CPU
		{A2B9273A-C73D-4819-87D7-46E04F531BD5}.Release|x64.Build.0 = Release|Any CPU
		{A2B9273A-C73D-4819-87D7-46E04F531BD5}.Release|x86.ActiveCfg = Release|Any CPU
		{A2B9273A-C73D-4819-87D7-46E04F531BD5}.Release|x86.Build.0 = Release|Any CPU
		{5603D726-3CB0-4B59-973E-5B8B069EC06F}.Debug|Any CPU.ActiveCfg = Debug|Any CPU
		{5603D726-3CB0-4B59-973E-5B8B069EC06F}.Debug|Any CPU.Build.0 = Debug|Any CPU
		{5603D726-3CB0-4B59-973E-5B8B069EC06F}.Debug|x64.ActiveCfg = Debug|Any CPU
		{5603D726-3CB0-4B59-973E-5B8B069EC06F}.Debug|x64.Build.0 = Debug|Any CPU
		{5603D726-3CB0-4B59-973E-5B8B069EC06F}.Debug|x86.ActiveCfg = Debug|Any CPU
		{5603D726-3CB0-4B59-973E-5B8B069EC06F}.Debug|x86.Build.0 = Debug|Any CPU
		{5603D726-3CB0-4B59-973E-5B8B069EC06F}.Release|Any CPU.ActiveCfg = Release|Any CPU
		{5603D726-3CB0-4B59-973E-5B8B069EC06F}.Release|Any CPU.Build.0 = Release|Any CPU
		{5603D726-3CB0-4B59-973E-5B8B069EC06F}.Release|x64.ActiveCfg = Release|Any CPU
		{5603D726-3CB0-4B59-973E-5B8B069EC06F}.Release|x64.Build.0 = Release|Any CPU
		{5603D726-3CB0-4B59-973E-5B8B069EC06F}.Release|x86.ActiveCfg = Release|Any CPU
		{5603D726-3CB0-4B59-973E-5B8B069EC06F}.Release|x86.Build.0 = Release|Any CPU
		{C30044B6-D92F-40D6-9599-5BC44426E022}.Debug|Any CPU.ActiveCfg = Debug|Any CPU
		{C30044B6-D92F-40D6-9599-5BC44426E022}.Debug|Any CPU.Build.0 = Debug|Any CPU
		{C30044B6-D92F-40D6-9599-5BC44426E022}.Debug|x64.ActiveCfg = Debug|Any CPU
		{C30044B6-D92F-40D6-9599-5BC44426E022}.Debug|x64.Build.0 = Debug|Any CPU
		{C30044B6-D92F-40D6-9599-5BC44426E022}.Debug|x86.ActiveCfg = Debug|Any CPU
		{C30044B6-D92F-40D6-9599-5BC44426E022}.Debug|x86.Build.0 = Debug|Any CPU
		{C30044B6-D92F-40D6-9599-5BC44426E022}.Release|Any CPU.ActiveCfg = Release|Any CPU
		{C30044B6-D92F-40D6-9599-5BC44426E022}.Release|Any CPU.Build.0 = Release|Any CPU
		{C30044B6-D92F-40D6-9599-5BC44426E022}.Release|x64.ActiveCfg = Release|Any CPU
		{C30044B6-D92F-40D6-9599-5BC44426E022}.Release|x64.Build.0 = Release|Any CPU
		{C30044B6-D92F-40D6-9599-5BC44426E022}.Release|x86.ActiveCfg = Release|Any CPU
		{C30044B6-D92F-40D6-9599-5BC44426E022}.Release|x86.Build.0 = Release|Any CPU
	EndGlobalSection
	GlobalSection(SolutionProperties) = preSolution
		HideSolutionNode = FALSE
	EndGlobalSection
	GlobalSection(NestedProjects) = preSolution
		{1C898C08-7E1A-411F-AECC-81AD013FD05E} = {827E0CD3-B72D-47B6-A68D-7590B98EB39B}
		{1F46A848-7EFD-494E-8F9D-6471F1FCE72C} = {0AB3BF05-4346-4AA6-1389-037BE0695223}
		{7EB69552-7429-4A71-ADB0-E392656A63B3} = {827E0CD3-B72D-47B6-A68D-7590B98EB39B}
		{A2B9273A-C73D-4819-87D7-46E04F531BD5} = {0AB3BF05-4346-4AA6-1389-037BE0695223}
		{5603D726-3CB0-4B59-973E-5B8B069EC06F} = {827E0CD3-B72D-47B6-A68D-7590B98EB39B}
		{C30044B6-D92F-40D6-9599-5BC44426E022} = {0AB3BF05-4346-4AA6-1389-037BE0695223}
	EndGlobalSection
EndGlobal
